
Microsoft Visual Studio Solution File, Format Version 12.00
# Visual Studio 15
VisualStudioVersion = 15.0.27703.2035
MinimumVisualStudioVersion = 10.0.40219.1
Project("{FAE04EC0-301F-11D3-BF4B-00C04F79EFBC}") = "Program1", "Program1\Program1.csproj", "{9F7154DB-AD23-41C5-A3EE-1518E6F35DC1}"
EndProject
Project("{FAE04EC0-301F-11D3-BF4B-00C04F79EFBC}") = "CayleyTree", "..\..\..\download\新建文件夹\homework5\CayleyTree\CayleyTree.csproj", "{16402761-1AED-4BF1-A03F-4FE858185E11}"
EndProject
Global
	GlobalSection(SolutionConfigurationPlatforms) = preSolution
		Debug|Any CPU = Debug|Any CPU
		Release|Any CPU = Release|Any CPU
	EndGlobalSection
	GlobalSection(ProjectConfigurationPlatforms) = postSolution
		{9F7154DB-AD23-41C5-A3EE-1518E6F35DC1}.Debug|Any CPU.ActiveCfg = Debug|Any CPU
		{9F7154DB-AD23-41C5-A3EE-1518E6F35DC1}.Debug|Any CPU.Build.0 = Debug|Any CPU
		{9F7154DB-AD23-41C5-A3EE-1518E6F35DC1}.Release|Any CPU.ActiveCfg = Release|Any CPU
		{9F7154DB-AD23-41C5-A3EE-1518E6F35DC1}.Release|Any CPU.Build.0 = Release|Any CPU
		{16402761-1AED-4BF1-A03F-4FE858185E11}.Debug|Any CPU.ActiveCfg = Debug|Any CPU
		{16402761-1AED-4BF1-A03F-4FE858185E11}.Debug|Any CPU.Build.0 = Debug|Any CPU
		{16402761-1AED-4BF1-A03F-4FE858185E11}.Release|Any CPU.ActiveCfg = Release|Any CPU
		{16402761-1AED-4BF1-A03F-4FE858185E11}.Release|Any CPU.Build.0 = Release|Any CPU
	EndGlobalSection
	GlobalSection(SolutionProperties) = preSolution
		HideSolutionNode = FALSE
	EndGlobalSection
	GlobalSection(ExtensibilityGlobals) = postSolution
		SolutionGuid = {5F50067E-D9DC-4D0D-8C66-8BD3557FF9B9}
	EndGlobalSection
EndGlobal
