
Microsoft Visual Studio Solution File, Format Version 12.00
# Visual Studio 15
VisualStudioVersion = 15.0.27703.2035
MinimumVisualStudioVersion = 10.0.40219.1
Project("{FAE04EC0-301F-11D3-BF4B-00C04F79EFBC}") = "program2", "program2\program2.csproj", "{363B86C2-6231-4105-B981-AC010A075613}"
EndProject
Project("{FAE04EC0-301F-11D3-BF4B-00C04F79EFBC}") = "program1", "program1\program1.csproj", "{9F51510F-2DB8-4E28-B748-2D2A5E1448FF}"
EndProject
Global
	GlobalSection(SolutionConfigurationPlatforms) = preSolution
		Debug|Any CPU = Debug|Any CPU
		Release|Any CPU = Release|Any CPU
	EndGlobalSection
	GlobalSection(ProjectConfigurationPlatforms) = postSolution
		{363B86C2-6231-4105-B981-AC010A075613}.Debug|Any CPU.ActiveCfg = Debug|Any CPU
		{363B86C2-6231-4105-B981-AC010A075613}.Debug|Any CPU.Build.0 = Debug|Any CPU
		{363B86C2-6231-4105-B981-AC010A075613}.Release|Any CPU.ActiveCfg = Release|Any CPU
		{363B86C2-6231-4105-B981-AC010A075613}.Release|Any CPU.Build.0 = Release|Any CPU
		{9F51510F-2DB8-4E28-B748-2D2A5E1448FF}.Debug|Any CPU.ActiveCfg = Debug|Any CPU
		{9F51510F-2DB8-4E28-B748-2D2A5E1448FF}.Debug|Any CPU.Build.0 = Debug|Any CPU
		{9F51510F-2DB8-4E28-B748-2D2A5E1448FF}.Release|Any CPU.ActiveCfg = Release|Any CPU
		{9F51510F-2DB8-4E28-B748-2D2A5E1448FF}.Release|Any CPU.Build.0 = Release|Any CPU
	EndGlobalSection
	GlobalSection(SolutionProperties) = preSolution
		HideSolutionNode = FALSE
	EndGlobalSection
	GlobalSection(ExtensibilityGlobals) = postSolution
		SolutionGuid = {429C4D70-CED0-43F8-96F4-47C7951A85F3}
	EndGlobalSection
EndGlobal
